{
  "version": 4,
  "terraform_version": "1.1.7",
  "serial": 7,
  "lineage": "9bc9fe96-68fc-70e9-2681-8a673bcffdeb",
  "outputs": {},
  "resources": [
    {
      "mode": "managed",
      "type": "local_file",
      "name": "example",
      "provider": "provider[\"registry.terraform.io/hashicorp/local\"]",
      "instances": [
        {
          "schema_version": 0,
          "attributes": {
            "content": "Example file content generated by terraform.",
            "content_base64": null,
            "directory_permission": "0777",
            "file_permission": "0777",
            "filename": "This came from a variable",
            "id": "65518f835625b350ff1989992c821b81a69c97cf",
            "sensitive_content": null,
            "source": null
          },
          "sensitive_attributes": [],
          "private": "bnVsbA=="
        }
      ]
    }
  ]
}
