{
  "version": 4,
  "terraform_version": "1.1.7",
  "serial": 1,
  "lineage": "9bc9fe96-68fc-70e9-2681-8a673bcffdeb",
  "outputs": {},
  "resources": [
    {
      "mode": "managed",
      "type": "local_file",
      "name": "example",
      "provider": "provider[\"registry.terraform.io/hashicorp/local\"]",
      "instances": [
        {
          "schema_version": 0,
          "attributes": {
            "content": "Example file content generated by terraform",
            "content_base64": null,
            "directory_permission": "0777",
            "file_permission": "0777",
            "filename": "example.txt",
            "id": "62f6569c373a2ea5219ab5ec0939afba9d010754",
            "sensitive_content": null,
            "source": null
          },
          "sensitive_attributes": [],
          "private": "bnVsbA=="
        }
      ]
    }
  ]
}
